{
  "requires": true,
  "lockfileVersion": 1,
  "dependencies": {
    "bootstrap-icons": {
      "version": "1.0.0",
      "resolved": "https://registry.npmjs.org/bootstrap-icons/-/bootstrap-icons-1.0.0.tgz",
      "integrity": "sha512-PaQm3VtSqbUnWuyqGmFJG5iF9UMieDuk8raPOmKOtKeyWyiVshgLoKa+9EWGolGU/nvyBLEBWhZoQqhu9ccNBg=="
    },
    "symfony-bootstrap-form-theme": {
      "version": "1.0.1",
      "resolved": "https://registry.npmjs.org/symfony-bootstrap-form-theme/-/symfony-bootstrap-form-theme-1.0.1.tgz",
      "integrity": "sha512-HC/9GFgqNNzePJpBiIObGetgnCmwGh6fVKJxL8O6JpDGw8bVr3IWKE2Z6g2W8XjqlE1Gjq7LP8R6I6YY7xk7zg=="
    }
  }
}
